// !$*UTF8*$!
{
	archiveVersion = 1;
	classes = {
	};
	objectVersion = 46;
	objects = {

/* Begin PBXBuildFile section */
		3316C3281AB50FAB00FD3625 /* main.m in Sources */ = {isa = PBXBuildFile; fileRef = 3316C3271AB50FAB00FD3625 /* main.m */; };
		3316C32B1AB50FAB00FD3625 /* AppDelegate.m in Sources */ = {isa = PBXBuildFile; fileRef = 3316C32A1AB50FAB00FD3625 /* AppDelegate.m */; };
		3316C32E1AB50FAB00FD3625 /* ViewController.m in Sources */ = {isa = PBXBuildFile; fileRef = 3316C32D1AB50FAB00FD3625 /* ViewController.m */; };
		3316C3331AB50FAB00FD3625 /* Images.xcassets in Resources */ = {isa = PBXBuildFile; fileRef = 3316C3321AB50FAB00FD3625 /* Images.xcassets */; };
		3316C3361AB50FAB00FD3625 /* LaunchScreen.xib in Resources */ = {isa = PBXBuildFile; fileRef = 3316C3341AB50FAB00FD3625 /* LaunchScreen.xib */; };
		3316C3421AB50FAB00FD3625 /* AlcolatorTests.m in Sources */ = {isa = PBXBuildFile; fileRef = 3316C3411AB50FAB00FD3625 /* AlcolatorTests.m */; };
		3316C34D1AB51D4900FD3625 /* BLCWhiskeyViewController.m in Sources */ = {isa = PBXBuildFile; fileRef = 3316C34C1AB51D4900FD3625 /* BLCWhiskeyViewController.m */; };
/* End PBXBuildFile section */

/* Begin PBXContainerItemProxy section */
		3316C33C1AB50FAB00FD3625 /* PBXContainerItemProxy */ = {
			isa = PBXContainerItemProxy;
			containerPortal = 3316C31A1AB50FAB00FD3625 /* Project object */;
			proxyType = 1;
			remoteGlobalIDString = 3316C3211AB50FAB00FD3625;
			remoteInfo = Alcolator;
		};
/* End PBXContainerItemProxy section */

/* Begin PBXFileReference section */
		3316C3221AB50FAB00FD3625 /* Alcolator.app */ = {isa = PBXFileReference; explicitFileType = wrapper.application; includeInIndex = 0; path = Alcolator.app; sourceTree = BUILT_PRODUCTS_DIR; };
		3316C3261AB50FAB00FD3625 /* Info.plist */ = {isa = PBXFileReference; lastKnownFileType = text.plist.xml; path = Info.plist; sourceTree = "<group>"; };
		3316C3271AB50FAB00FD3625 /* main.m */ = {isa = PBXFileReference; lastKnownFileType = sourcecode.c.objc; path = main.m; sourceTree = "<group>"; };
		3316C3291AB50FAB00FD3625 /* AppDelegate.h */ = {isa = PBXFileReference; lastKnownFileType = sourcecode.c.h; path = AppDelegate.h; sourceTree = "<group>"; };
		3316C32A1AB50FAB00FD3625 /* AppDelegate.m */ = {isa = PBXFileReference; lastKnownFileType = sourcecode.c.objc; path = AppDelegate.m; sourceTree = "<group>"; };
		3316C32C1AB50FAB00FD3625 /* ViewController.h */ = {isa = PBXFileReference; lastKnownFileType = sourcecode.c.h; path = ViewController.h; sourceTree = "<group>"; };
		3316C32D1AB50FAB00FD3625 /* ViewController.m */ = {isa = PBXFileReference; lastKnownFileType = sourcecode.c.objc; path = ViewController.m; sourceTree = "<group>"; };
		3316C3321AB50FAB00FD3625 /* Images.xcassets */ = {isa = PBXFileReference; lastKnownFileType = folder.assetcatalog; path = Images.xcassets; sourceTree = "<group>"; };
		3316C3351AB50FAB00FD3625 /* Base */ = {isa = PBXFileReference; lastKnownFileType = file.xib; name = Base; path = Base.lproj/LaunchScreen.xib; sourceTree = "<group>"; };
		3316C33B1AB50FAB00FD3625 /* AlcolatorTests.xctest */ = {isa = PBXFileReference; explicitFileType = wrapper.cfbundle; includeInIndex = 0; path = AlcolatorTests.xctest; sourceTree = BUILT_PRODUCTS_DIR; };
		3316C3401AB50FAB00FD3625 /* Info.plist */ = {isa = PBXFileReference; lastKnownFileType = text.plist.xml; path = Info.plist; sourceTree = "<group>"; };
		3316C3411AB50FAB00FD3625 /* AlcolatorTests.m */ = {isa = PBXFileReference; lastKnownFileType = sourcecode.c.objc; path = AlcolatorTests.m; sourceTree = "<group>"; };
		3316C34B1AB51D4900FD3625 /* BLCWhiskeyViewController.h */ = {isa = PBXFileReference; fileEncoding = 4; lastKnownFileType = sourcecode.c.h; path = BLCWhiskeyViewController.h; sourceTree = "<group>"; };
		3316C34C1AB51D4900FD3625 /* BLCWhiskeyViewController.m */ = {isa = PBXFileReference; fileEncoding = 4; lastKnownFileType = sourcecode.c.objc; path = BLCWhiskeyViewController.m; sourceTree = "<group>"; };
/* End PBXFileReference section */

/* Begin PBXFrameworksBuildPhase section */
		3316C31F1AB50FAB00FD3625 /* Frameworks */ = {
			isa = PBXFrameworksBuildPhase;
			buildActionMask = 2147483647;
			files = (
			);
			runOnlyForDeploymentPostprocessing = 0;
		};
		3316C3381AB50FAB00FD3625 /* Frameworks */ = {
			isa = PBXFrameworksBuildPhase;
			buildActionMask = 2147483647;
			files = (
			);
			runOnlyForDeploymentPostprocessing = 0;
		};
/* End PBXFrameworksBuildPhase section */

/* Begin PBXGroup section */
		3316C3191AB50FAB00FD3625 = {
			isa = PBXGroup;
			children = (
				3316C3241AB50FAB00FD3625 /* Alcolator */,
				3316C33E1AB50FAB00FD3625 /* AlcolatorTests */,
				3316C3231AB50FAB00FD3625 /* Products */,
			);
			sourceTree = "<group>";
		};
		3316C3231AB50FAB00FD3625 /* Products */ = {
			isa = PBXGroup;
			children = (
				3316C3221AB50FAB00FD3625 /* Alcolator.app */,
				3316C33B1AB50FAB00FD3625 /* AlcolatorTests.xctest */,
			);
			name = Products;
			sourceTree = "<group>";
		};
		3316C3241AB50FAB00FD3625 /* Alcolator */ = {
			isa = PBXGroup;
			children = (
				3316C3291AB50FAB00FD3625 /* AppDelegate.h */,
				3316C32A1AB50FAB00FD3625 /* AppDelegate.m */,
				3316C32C1AB50FAB00FD3625 /* ViewController.h */,
				3316C32D1AB50FAB00FD3625 /* ViewController.m */,
				3316C34B1AB51D4900FD3625 /* BLCWhiskeyViewController.h */,
				3316C34C1AB51D4900FD3625 /* BLCWhiskeyViewController.m */,
				3316C3321AB50FAB00FD3625 /* Images.xcassets */,
				3316C3341AB50FAB00FD3625 /* LaunchScreen.xib */,
				3316C3251AB50FAB00FD3625 /* Supporting Files */,
			);
			path = Alcolator;
			sourceTree = "<group>";
		};
		3316C3251AB50FAB00FD3625 /* Supporting Files */ = {
			isa = PBXGroup;
			children = (
				3316C3261AB50FAB00FD3625 /* Info.plist */,
				3316C3271AB50FAB00FD3625 /* main.m */,
			);
			name = "Supporting Files";
			sourceTree = "<group>";
		};
		3316C33E1AB50FAB00FD3625 /* AlcolatorTests */ = {
			isa = PBXGroup;
			children = (
				3316C3411AB50FAB00FD3625 /* AlcolatorTests.m */,
				3316C33F1AB50FAB00FD3625 /* Supporting Files */,
			);
			path = AlcolatorTests;
			sourceTree = "<group>";
		};
		3316C33F1AB50FAB00FD3625 /* Supporting Files */ = {
			isa = PBXGroup;
			children = (
				3316C3401AB50FAB00FD3625 /* Info.plist */,
			);
			name = "Supporting Files";
			sourceTree = "<group>";
		};
/* End PBXGroup section */

/* Begin PBXNativeTarget section */
		3316C3211AB50FAB00FD3625 /* Alcolator */ = {
			isa = PBXNativeTarget;
			buildConfigurationList = 3316C3451AB50FAB00FD3625 /* Build configuration list for PBXNativeTarget "Alcolator" */;
			buildPhases = (
				3316C31E1AB50FAB00FD3625 /* Sources */,
				3316C31F1AB50FAB00FD3625 /* Frameworks */,
				3316C3201AB50FAB00FD3625 /* Resources */,
			);
			buildRules = (
			);
			dependencies = (
			);
			name = Alcolator;
			productName = Alcolator;
			productReference = 3316C3221AB50FAB00FD3625 /* Alcolator.app */;
			productType = "com.apple.product-type.application";
		};
		3316C33A1AB50FAB00FD3625 /* AlcolatorTests */ = {
			isa = PBXNativeTarget;
			buildConfigurationList = 3316C3481AB50FAB00FD3625 /* Build configuration list for PBXNativeTarget "AlcolatorTests" */;
			buildPhases = (
				3316C3371AB50FAB00FD3625 /* Sources */,
				3316C3381AB50FAB00FD3625 /* Frameworks */,
				3316C3391AB50FAB00FD3625 /* Resources */,
			);
			buildRules = (
			);
			dependencies = (
				3316C33D1AB50FAB00FD3625 /* PBXTargetDependency */,
			);
			name = AlcolatorTests;
			productName = AlcolatorTests;
			productReference = 3316C33B1AB50FAB00FD3625 /* AlcolatorTests.xctest */;
			productType = "com.apple.product-type.bundle.unit-test";
		};
/* End PBXNativeTarget section */

/* Begin PBXProject section */
		3316C31A1AB50FAB00FD3625 /* Project object */ = {
			isa = PBXProject;
			attributes = {
				LastUpgradeCheck = 0630;
				ORGANIZATIONNAME = Bloc;
				TargetAttributes = {
					3316C3211AB50FAB00FD3625 = {
						CreatedOnToolsVersion = 6.3;
					};
					3316C33A1AB50FAB00FD3625 = {
						CreatedOnToolsVersion = 6.3;
						TestTargetID = 3316C3211AB50FAB00FD3625;
					};
				};
			};
			buildConfigurationList = 3316C31D1AB50FAB00FD3625 /* Build configuration list for PBXProject "Alcolator" */;
			compatibilityVersion = "Xcode 3.2";
			developmentRegion = English;
			hasScannedForEncodings = 0;
			knownRegions = (
				en,
				Base,
			);
			mainGroup = 3316C3191AB50FAB00FD3625;
			productRefGroup = 3316C3231AB50FAB00FD3625 /* Products */;
			projectDirPath = "";
			projectRoot = "";
			targets = (
				3316C3211AB50FAB00FD3625 /* Alcolator */,
				3316C33A1AB50FAB00FD3625 /* AlcolatorTests */,
			);
		};
/* End PBXProject section */

/* Begin PBXResourcesBuildPhase section */
		3316C3201AB50FAB00FD3625 /* Resources */ = {
			isa = PBXResourcesBuildPhase;
			buildActionMask = 2147483647;
			files = (
				3316C3361AB50FAB00FD3625 /* LaunchScreen.xib in Resources */,
				3316C3331AB50FAB00FD3625 /* Images.xcassets in Resources */,
			);
			runOnlyForDeploymentPostprocessing = 0;
		};
		3316C3391AB50FAB00FD3625 /* Resources */ = {
			isa = PBXResourcesBuildPhase;
			buildActionMask = 2147483647;
			files = (
			);
			runOnlyForDeploymentPostprocessing = 0;
		};
/* End PBXResourcesBuildPhase section */

/* Begin PBXSourcesBuildPhase section */
		3316C31E1AB50FAB00FD3625 /* Sources */ = {
			isa = PBXSourcesBuildPhase;
			buildActionMask = 2147483647;
			files = (
				3316C32E1AB50FAB00FD3625 /* ViewController.m in Sources */,
				3316C34D1AB51D4900FD3625 /* BLCWhiskeyViewController.m in Sources */,
				3316C32B1AB50FAB00FD3625 /* AppDelegate.m in Sources */,
				3316C3281AB50FAB00FD3625 /* main.m in Sources */,
			);
			runOnlyForDeploymentPostprocessing = 0;
		};
		3316C3371AB50FAB00FD3625 /* Sources */ = {
			isa = PBXSourcesBuildPhase;
			buildActionMask = 2147483647;
			files = (
				3316C3421AB50FAB00FD3625 /* AlcolatorTests.m in Sources */,
			);
			runOnlyForDeploymentPostprocessing = 0;
		};
/* End PBXSourcesBuildPhase section */

/* Begin PBXTargetDependency section */
		3316C33D1AB50FAB00FD3625 /* PBXTargetDependency */ = {
			isa = PBXTargetDependency;
			target = 3316C3211AB50FAB00FD3625 /* Alcolator */;
			targetProxy = 3316C33C1AB50FAB00FD3625 /* PBXContainerItemProxy */;
		};
/* End PBXTargetDependency section */

/* Begin PBXVariantGroup section */
		3316C3341AB50FAB00FD3625 /* LaunchScreen.xib */ = {
			isa = PBXVariantGroup;
			children = (
				3316C3351AB50FAB00FD3625 /* Base */,
			);
			name = LaunchScreen.xib;
			sourceTree = "<group>";
		};
/* End PBXVariantGroup section */

/* Begin XCBuildConfiguration section */
		3316C3431AB50FAB00FD3625 /* Debug */ = {
			isa = XCBuildConfiguration;
			buildSettings = {
				ALWAYS_SEARCH_USER_PATHS = NO;
				CLANG_CXX_LANGUAGE_STANDARD = "gnu++0x";
				CLANG_CXX_LIBRARY = "libc++";
				CLANG_ENABLE_MODULES = YES;
				CLANG_ENABLE_OBJC_ARC = YES;
				CLANG_WARN_BOOL_CONVERSION = YES;
				CLANG_WARN_CONSTANT_CONVERSION = YES;
				CLANG_WARN_DIRECT_OBJC_ISA_USAGE = YES_ERROR;
				CLANG_WARN_EMPTY_BODY = YES;
				CLANG_WARN_ENUM_CONVERSION = YES;
				CLANG_WARN_INT_CONVERSION = YES;
				CLANG_WARN_OBJC_ROOT_CLASS = YES_ERROR;
				CLANG_WARN_UNREACHABLE_CODE = YES;
				CLANG_WARN__DUPLICATE_METHOD_MATCH = YES;
				"CODE_SIGN_IDENTITY[sdk=iphoneos*]" = "iPhone Developer";
				COPY_PHASE_STRIP = NO;
				DEBUG_INFORMATION_FORMAT = "dwarf-with-dsym";
				ENABLE_STRICT_OBJC_MSGSEND = YES;
				GCC_C_LANGUAGE_STANDARD = gnu99;
				GCC_DYNAMIC_NO_PIC = NO;
				GCC_NO_COMMON_BLOCKS = YES;
				GCC_OPTIMIZATION_LEVEL = 0;
				GCC_PREPROCESSOR_DEFINITIONS = (
					"DEBUG=1",
					"$(inherited)",
				);
				GCC_SYMBOLS_PRIVATE_EXTERN = NO;
				GCC_WARN_64_TO_32_BIT_CONVERSION = YES;
				GCC_WARN_ABOUT_RETURN_TYPE = YES_ERROR;
				GCC_WARN_UNDECLARED_SELECTOR = YES;
				GCC_WARN_UNINITIALIZED_AUTOS = YES_AGGRESSIVE;
				GCC_WARN_UNUSED_FUNCTION = YES;
				GCC_WARN_UNUSED_VARIABLE = YES;
				IPHONEOS_DEPLOYMENT_TARGET = 8.3;
				MTL_ENABLE_DEBUG_INFO = YES;
				ONLY_ACTIVE_ARCH = YES;
				SDKROOT = iphoneos;
			};
			name = Debug;
		};
		3316C3441AB50FAB00FD3625 /* Release */ = {
			isa = XCBuildConfiguration;
			buildSettings = {
				ALWAYS_SEARCH_USER_PATHS = NO;
				CLANG_CXX_LANGUAGE_STANDARD = "gnu++0x";
				CLANG_CXX_LIBRARY = "libc++";
				CLANG_ENABLE_MODULES = YES;
				CLANG_ENABLE_OBJC_ARC = YES;
				CLANG_WARN_BOOL_CONVERSION = YES;
				CLANG_WARN_CONSTANT_CONVERSION = YES;
				CLANG_WARN_DIRECT_OBJC_ISA_USAGE = YES_ERROR;
				CLANG_WARN_EMPTY_BODY = YES;
				CLANG_WARN_ENUM_CONVERSION = YES;
				CLANG_WARN_INT_CONVERSION = YES;
				CLANG_WARN_OBJC_ROOT_CLASS = YES_ERROR;
				CLANG_WARN_UNREACHABLE_CODE = YES;
				CLANG_WARN__DUPLICATE_METHOD_MATCH = YES;
				"CODE_SIGN_IDENTITY[sdk=iphoneos*]" = "iPhone Developer";
				COPY_PHASE_STRIP = NO;
				DEBUG_INFORMATION_FORMAT = "dwarf-with-dsym";
				ENABLE_NS_ASSERTIONS = NO;
				ENABLE_STRICT_OBJC_MSGSEND = YES;
				GCC_C_LANGUAGE_STANDARD = gnu99;
				GCC_NO_COMMON_BLOCKS = YES;
				GCC_WARN_64_TO_32_BIT_CONVERSION = YES;
				GCC_WARN_ABOUT_RETURN_TYPE = YES_ERROR;
				GCC_WARN_UNDECLARED_SELECTOR = YES;
				GCC_WARN_UNINITIALIZED_AUTOS = YES_AGGRESSIVE;
				GCC_WARN_UNUSED_FUNCTION = YES;
				GCC_WARN_UNUSED_VARIABLE = YES;
				IPHONEOS_DEPLOYMENT_TARGET = 8.3;
				MTL_ENABLE_DEBUG_INFO = NO;
				SDKROOT = iphoneos;
				VALIDATE_PRODUCT = YES;
			};
			name = Release;
		};
		3316C3461AB50FAB00FD3625 /* Debug */ = {
			isa = XCBuildConfiguration;
			buildSettings = {
				ASSETCATALOG_COMPILER_APPICON_NAME = AppIcon;
				INFOPLIST_FILE = Alcolator/Info.plist;
				IPHONEOS_DEPLOYMENT_TARGET = 8.2;
				LD_RUNPATH_SEARCH_PATHS = "$(inherited) @executable_path/Frameworks";
				PRODUCT_NAME = "$(TARGET_NAME)";
				TARGETED_DEVICE_FAMILY = "1,2";
			};
			name = Debug;
		};
		3316C3471AB50FAB00FD3625 /* Release */ = {
			isa = XCBuildConfiguration;
			buildSettings = {
				ASSETCATALOG_COMPILER_APPICON_NAME = AppIcon;
				INFOPLIST_FILE = Alcolator/Info.plist;
				IPHONEOS_DEPLOYMENT_TARGET = 8.2;
				LD_RUNPATH_SEARCH_PATHS = "$(inherited) @executable_path/Frameworks";
				PRODUCT_NAME = "$(TARGET_NAME)";
				TARGETED_DEVICE_FAMILY = "1,2";
			};
			name = Release;
		};
		3316C3491AB50FAB00FD3625 /* Debug */ = {
			isa = XCBuildConfiguration;
			buildSettings = {
				BUNDLE_LOADER = "$(TEST_HOST)";
				FRAMEWORK_SEARCH_PATHS = (
					"$(SDKROOT)/Developer/Library/Frameworks",
					"$(inherited)",
				);
				GCC_PREPROCESSOR_DEFINITIONS = (
					"DEBUG=1",
					"$(inherited)",
				);
				INFOPLIST_FILE = AlcolatorTests/Info.plist;
				LD_RUNPATH_SEARCH_PATHS = "$(inherited) @executable_path/Frameworks @loader_path/Frameworks";
				PRODUCT_NAME = "$(TARGET_NAME)";
				TEST_HOST = "$(BUILT_PRODUCTS_DIR)/Alcolator.app/Alcolator";
			};
			name = Debug;
		};
		3316C34A1AB50FAB00FD3625 /* Release */ = {
			isa = XCBuildConfiguration;
			buildSettings = {
				BUNDLE_LOADER = "$(TEST_HOST)";
				FRAMEWORK_SEARCH_PATHS = (
					"$(SDKROOT)/Developer/Library/Frameworks",
					"$(inherited)",
				);
				INFOPLIST_FILE = AlcolatorTests/Info.plist;
				LD_RUNPATH_SEARCH_PATHS = "$(inherited) @executable_path/Frameworks @loader_path/Frameworks";
				PRODUCT_NAME = "$(TARGET_NAME)";
				TEST_HOST = "$(BUILT_PRODUCTS_DIR)/Alcolator.app/Alcolator";
			};
			name = Release;
		};
/* End XCBuildConfiguration section */

/* Begin XCConfigurationList section */
		3316C31D1AB50FAB00FD3625 /* Build configuration list for PBXProject "Alcolator" */ = {
			isa = XCConfigurationList;
			buildConfigurations = (
				3316C3431AB50FAB00FD3625 /* Debug */,
				3316C3441AB50FAB00FD3625 /* Release */,
			);
			defaultConfigurationIsVisible = 0;
			defaultConfigurationName = Release;
		};
		3316C3451AB50FAB00FD3625 /* Build configuration list for PBXNativeTarget "Alcolator" */ = {
			isa = XCConfigurationList;
			buildConfigurations = (
				3316C3461AB50FAB00FD3625 /* Debug */,
				3316C3471AB50FAB00FD3625 /* Release */,
			);
			defaultConfigurationIsVisible = 0;
		};
		3316C3481AB50FAB00FD3625 /* Build configuration list for PBXNativeTarget "AlcolatorTests" */ = {
			isa = XCConfigurationList;
			buildConfigurations = (
				3316C3491AB50FAB00FD3625 /* Debug */,
				3316C34A1AB50FAB00FD3625 /* Release */,
			);
			defaultConfigurationIsVisible = 0;
		};
/* End XCConfigurationList section */
	};
	rootObject = 3316C31A1AB50FAB00FD3625 /* Project object */;
}
